
Microsoft Visual Studio Solution File, Format Version 12.00
# Visual Studio Version 16
VisualStudioVersion = 16.0.31410.357
MinimumVisualStudioVersion = 10.0.40219.1
Project("{FAE04EC0-301F-11D3-BF4B-00C04F79EFBC}") = "CleanDapper.API", "CleanDapper.API\CleanDapper.API.csproj", "{0DD86135-2A09-4D28-9D8D-FBAFCBA16AFE}"
EndProject
Project("{FAE04EC0-301F-11D3-BF4B-00C04F79EFBC}") = "CleanDapper.CORE", "CleanDapper.CORE\CleanDapper.CORE.csproj", "{72D46250-EE9E-4D08-8EA7-C66181EE2D20}"
EndProject
Global
	GlobalSection(SolutionConfigurationPlatforms) = preSolution
		Debug|Any CPU = Debug|Any CPU
		Release|Any CPU = Release|Any CPU
	EndGlobalSection
	GlobalSection(ProjectConfigurationPlatforms) = postSolution
		{0DD86135-2A09-4D28-9D8D-FBAFCBA16AFE}.Debug|Any CPU.ActiveCfg = Debug|Any CPU
		{0DD86135-2A09-4D28-9D8D-FBAFCBA16AFE}.Debug|Any CPU.Build.0 = Debug|Any CPU
		{0DD86135-2A09-4D28-9D8D-FBAFCBA16AFE}.Release|Any CPU.ActiveCfg = Release|Any CPU
		{0DD86135-2A09-4D28-9D8D-FBAFCBA16AFE}.Release|Any CPU.Build.0 = Release|Any CPU
		{72D46250-EE9E-4D08-8EA7-C66181EE2D20}.Debug|Any CPU.ActiveCfg = Debug|Any CPU
		{72D46250-EE9E-4D08-8EA7-C66181EE2D20}.Debug|Any CPU.Build.0 = Debug|Any CPU
		{72D46250-EE9E-4D08-8EA7-C66181EE2D20}.Release|Any CPU.ActiveCfg = Release|Any CPU
		{72D46250-EE9E-4D08-8EA7-C66181EE2D20}.Release|Any CPU.Build.0 = Release|Any CPU
	EndGlobalSection
	GlobalSection(SolutionProperties) = preSolution
		HideSolutionNode = FALSE
	EndGlobalSection
	GlobalSection(ExtensibilityGlobals) = postSolution
		SolutionGuid = {3C8A1333-9917-4D81-BF5E-CB610F05FDED}
	EndGlobalSection
EndGlobal
